
Microsoft Visual Studio Solution File, Format Version 12.00
# Visual Studio Version 16
VisualStudioVersion = 16.0.30804.86
MinimumVisualStudioVersion = 10.0.40219.1
Project("{FAE04EC0-301F-11D3-BF4B-00C04F79EFBC}") = "EPW Recaster", "EPW Recaster.csproj", "{2AB5BF5F-9200-4028-80D9-83588F8B30D4}"
EndProject
Global
	GlobalSection(SolutionConfigurationPlatforms) = preSolution
		Debug|Any CPU = Debug|Any CPU
		Release|Any CPU = Release|Any CPU
	EndGlobalSection
	GlobalSection(ProjectConfigurationPlatforms) = postSolution
		{2AB5BF5F-9200-4028-80D9-83588F8B30D4}.Debug|Any CPU.ActiveCfg = Debug|Any CPU
		{2AB5BF5F-9200-4028-80D9-83588F8B30D4}.Debug|Any CPU.Build.0 = Debug|Any CPU
		{2AB5BF5F-9200-4028-80D9-83588F8B30D4}.Release|Any CPU.ActiveCfg = Release|Any CPU
		{2AB5BF5F-9200-4028-80D9-83588F8B30D4}.Release|Any CPU.Build.0 = Release|Any CPU
	EndGlobalSection
	GlobalSection(SolutionProperties) = preSolution
		HideSolutionNode = FALSE
	EndGlobalSection
	GlobalSection(ExtensibilityGlobals) = postSolution
		SolutionGuid = {3B6672C7-FE90-4E9E-BE84-EA1146C379DD}
	EndGlobalSection
EndGlobal
